
Microsoft Visual Studio Solution File, Format Version 12.00
# Visual Studio Version 16
VisualStudioVersion = 16.0.29519.181
MinimumVisualStudioVersion = 10.0.40219.1
Project("{9A19103F-16F7-4668-BE54-9A1E7A4F7556}") = "Rendering", "Rendering\Rendering.csproj", "{49B282A1-4CD6-4D4D-A27D-ED122ED88027}"
EndProject
Project("{9A19103F-16F7-4668-BE54-9A1E7A4F7556}") = "Rendering.Tests", "Rendering.Tests\Rendering.Tests.csproj", "{965A29F7-806D-408F-89C0-E5BCB0F51862}"
EndProject
Global
	GlobalSection(SolutionConfigurationPlatforms) = preSolution
		Debug|Any CPU = Debug|Any CPU
		Release|Any CPU = Release|Any CPU
	EndGlobalSection
	GlobalSection(ProjectConfigurationPlatforms) = postSolution
		{49B282A1-4CD6-4D4D-A27D-ED122ED88027}.Debug|Any CPU.ActiveCfg = Debug|Any CPU
		{49B282A1-4CD6-4D4D-A27D-ED122ED88027}.Debug|Any CPU.Build.0 = Debug|Any CPU
		{49B282A1-4CD6-4D4D-A27D-ED122ED88027}.Release|Any CPU.ActiveCfg = Release|Any CPU
		{49B282A1-4CD6-4D4D-A27D-ED122ED88027}.Release|Any CPU.Build.0 = Release|Any CPU
		{965A29F7-806D-408F-89C0-E5BCB0F51862}.Debug|Any CPU.ActiveCfg = Debug|Any CPU
		{965A29F7-806D-408F-89C0-E5BCB0F51862}.Debug|Any CPU.Build.0 = Debug|Any CPU
		{965A29F7-806D-408F-89C0-E5BCB0F51862}.Release|Any CPU.ActiveCfg = Release|Any CPU
		{965A29F7-806D-408F-89C0-E5BCB0F51862}.Release|Any CPU.Build.0 = Release|Any CPU
	EndGlobalSection
	GlobalSection(SolutionProperties) = preSolution
		HideSolutionNode = FALSE
	EndGlobalSection
	GlobalSection(ExtensibilityGlobals) = postSolution
		SolutionGuid = {8B455046-2910-40C1-A49F-9F5AADA87A76}
	EndGlobalSection
EndGlobal
